
Microsoft Visual Studio Solution File, Format Version 12.00
# Visual Studio Version 16
VisualStudioVersion = 16.0.29519.181
MinimumVisualStudioVersion = 10.0.40219.1
Project("{2150E333-8FDC-42A3-9474-1A3956D46DE8}") = "Creational", "Creational", "{33701233-A4AF-47CC-B43A-77109F626BD5}"
EndProject
Project("{9A19103F-16F7-4668-BE54-9A1E7A4F7556}") = "Singleton", "Creational\Singleton\Singleton.csproj", "{83288B65-B3F5-4CA0-9785-BEE9C0643A5A}"
EndProject
Project("{9A19103F-16F7-4668-BE54-9A1E7A4F7556}") = "Factory", "Creational\Factory\Factory.csproj", "{1FFBBA0D-7D96-4FEA-900B-95902B3C15E0}"
EndProject
Project("{9A19103F-16F7-4668-BE54-9A1E7A4F7556}") = "Builder", "Builder\Builder.csproj", "{004A1F7D-B78C-4625-9700-CE72B5EDB912}"
EndProject
Project("{2150E333-8FDC-42A3-9474-1A3956D46DE8}") = "Structural", "Structural", "{C97F3BEA-2C9A-43A8-83C5-F3F37E8D0257}"
EndProject
Project("{9A19103F-16F7-4668-BE54-9A1E7A4F7556}") = "Adapter", "Adapter\Adapter.csproj", "{CEF011CD-A59E-4C89-9B5F-BA143F02A52B}"
EndProject
Project("{9A19103F-16F7-4668-BE54-9A1E7A4F7556}") = "Bridge", "Bridge\Bridge.csproj", "{BE05D6CF-4FA2-4C11-B565-1A49A3E387C5}"
EndProject
Project("{9A19103F-16F7-4668-BE54-9A1E7A4F7556}") = "Composite", "Composite\Composite.csproj", "{2C3F3EEB-E41F-4626-8BAF-D7DB8F2A40D2}"
EndProject
Project("{9A19103F-16F7-4668-BE54-9A1E7A4F7556}") = "Decorator", "Decorator\Decorator.csproj", "{294E3234-0192-4A4A-AC7C-CF1A5B77C389}"
EndProject
Project("{9A19103F-16F7-4668-BE54-9A1E7A4F7556}") = "Proxy", "Proxy\Proxy.csproj", "{FD51191D-3B6F-475D-916E-9406891479BF}"
EndProject
Project("{9A19103F-16F7-4668-BE54-9A1E7A4F7556}") = "ChainOfResponsibility", "ChainOfResponsibility\ChainOfResponsibility.csproj", "{6F0376E5-299D-4BAA-AF67-F6F9151963EB}"
EndProject
Project("{2150E333-8FDC-42A3-9474-1A3956D46DE8}") = "Behavioral", "Behavioral", "{28B5E66A-76C8-40C4-B275-B22BA914920D}"
EndProject
Project("{9A19103F-16F7-4668-BE54-9A1E7A4F7556}") = "Command", "Command\Command.csproj", "{1721B65F-63FC-48E6-9EC1-BD9EEB66354C}"
EndProject
Project("{FAE04EC0-301F-11D3-BF4B-00C04F79EFBC}") = "Iterator", "Iterator\Iterator.csproj", "{9305B21B-4A5C-4824-8402-90C139789FF0}"
EndProject
Project("{FAE04EC0-301F-11D3-BF4B-00C04F79EFBC}") = "Mediator", "Mediator\Mediator.csproj", "{91DF7279-452F-4F42-A7ED-64E0F295B80D}"
EndProject
Project("{FAE04EC0-301F-11D3-BF4B-00C04F79EFBC}") = "Memento", "Memento\Memento.csproj", "{F79588E5-4A52-4573-82CF-EF6405FDAF82}"
EndProject
Project("{FAE04EC0-301F-11D3-BF4B-00C04F79EFBC}") = "Observer", "Observer\Observer.csproj", "{F3DC2A82-7CF3-4F8E-A873-1C82D3451504}"
EndProject
Project("{FAE04EC0-301F-11D3-BF4B-00C04F79EFBC}") = "State", "State\State.csproj", "{C6879EBB-ED29-4C7E-B03A-D12F31EAF39A}"
EndProject
Project("{FAE04EC0-301F-11D3-BF4B-00C04F79EFBC}") = "Strategy", "Strategy\Strategy.csproj", "{CFA44A01-E297-49F4-9129-F4F5943E4F09}"
EndProject
Project("{FAE04EC0-301F-11D3-BF4B-00C04F79EFBC}") = "Template", "Template\Template.csproj", "{383D3ACB-E051-4149-997F-79652044B5C8}"
EndProject
Global
	GlobalSection(SolutionConfigurationPlatforms) = preSolution
		Debug|Any CPU = Debug|Any CPU
		Release|Any CPU = Release|Any CPU
	EndGlobalSection
	GlobalSection(ProjectConfigurationPlatforms) = postSolution
		{83288B65-B3F5-4CA0-9785-BEE9C0643A5A}.Debug|Any CPU.ActiveCfg = Debug|Any CPU
		{83288B65-B3F5-4CA0-9785-BEE9C0643A5A}.Debug|Any CPU.Build.0 = Debug|Any CPU
		{83288B65-B3F5-4CA0-9785-BEE9C0643A5A}.Release|Any CPU.ActiveCfg = Release|Any CPU
		{83288B65-B3F5-4CA0-9785-BEE9C0643A5A}.Release|Any CPU.Build.0 = Release|Any CPU
		{1FFBBA0D-7D96-4FEA-900B-95902B3C15E0}.Debug|Any CPU.ActiveCfg = Debug|Any CPU
		{1FFBBA0D-7D96-4FEA-900B-95902B3C15E0}.Debug|Any CPU.Build.0 = Debug|Any CPU
		{1FFBBA0D-7D96-4FEA-900B-95902B3C15E0}.Release|Any CPU.ActiveCfg = Release|Any CPU
		{1FFBBA0D-7D96-4FEA-900B-95902B3C15E0}.Release|Any CPU.Build.0 = Release|Any CPU
		{004A1F7D-B78C-4625-9700-CE72B5EDB912}.Debug|Any CPU.ActiveCfg = Debug|Any CPU
		{004A1F7D-B78C-4625-9700-CE72B5EDB912}.Debug|Any CPU.Build.0 = Debug|Any CPU
		{004A1F7D-B78C-4625-9700-CE72B5EDB912}.Release|Any CPU.ActiveCfg = Release|Any CPU
		{004A1F7D-B78C-4625-9700-CE72B5EDB912}.Release|Any CPU.Build.0 = Release|Any CPU
		{CEF011CD-A59E-4C89-9B5F-BA143F02A52B}.Debug|Any CPU.ActiveCfg = Debug|Any CPU
		{CEF011CD-A59E-4C89-9B5F-BA143F02A52B}.Debug|Any CPU.Build.0 = Debug|Any CPU
		{CEF011CD-A59E-4C89-9B5F-BA143F02A52B}.Release|Any CPU.ActiveCfg = Release|Any CPU
		{CEF011CD-A59E-4C89-9B5F-BA143F02A52B}.Release|Any CPU.Build.0 = Release|Any CPU
		{BE05D6CF-4FA2-4C11-B565-1A49A3E387C5}.Debug|Any CPU.ActiveCfg = Debug|Any CPU
		{BE05D6CF-4FA2-4C11-B565-1A49A3E387C5}.Debug|Any CPU.Build.0 = Debug|Any CPU
		{BE05D6CF-4FA2-4C11-B565-1A49A3E387C5}.Release|Any CPU.ActiveCfg = Release|Any CPU
		{BE05D6CF-4FA2-4C11-B565-1A49A3E387C5}.Release|Any CPU.Build.0 = Release|Any CPU
		{2C3F3EEB-E41F-4626-8BAF-D7DB8F2A40D2}.Debug|Any CPU.ActiveCfg = Debug|Any CPU
		{2C3F3EEB-E41F-4626-8BAF-D7DB8F2A40D2}.Debug|Any CPU.Build.0 = Debug|Any CPU
		{2C3F3EEB-E41F-4626-8BAF-D7DB8F2A40D2}.Release|Any CPU.ActiveCfg = Release|Any CPU
		{2C3F3EEB-E41F-4626-8BAF-D7DB8F2A40D2}.Release|Any CPU.Build.0 = Release|Any CPU
		{294E3234-0192-4A4A-AC7C-CF1A5B77C389}.Debug|Any CPU.ActiveCfg = Debug|Any CPU
		{294E3234-0192-4A4A-AC7C-CF1A5B77C389}.Debug|Any CPU.Build.0 = Debug|Any CPU
		{294E3234-0192-4A4A-AC7C-CF1A5B77C389}.Release|Any CPU.ActiveCfg = Release|Any CPU
		{294E3234-0192-4A4A-AC7C-CF1A5B77C389}.Release|Any CPU.Build.0 = Release|Any CPU
		{FD51191D-3B6F-475D-916E-9406891479BF}.Debug|Any CPU.ActiveCfg = Debug|Any CPU
		{FD51191D-3B6F-475D-916E-9406891479BF}.Debug|Any CPU.Build.0 = Debug|Any CPU
		{FD51191D-3B6F-475D-916E-9406891479BF}.Release|Any CPU.ActiveCfg = Release|Any CPU
		{FD51191D-3B6F-475D-916E-9406891479BF}.Release|Any CPU.Build.0 = Release|Any CPU
		{6F0376E5-299D-4BAA-AF67-F6F9151963EB}.Debug|Any CPU.ActiveCfg = Debug|Any CPU
		{6F0376E5-299D-4BAA-AF67-F6F9151963EB}.Debug|Any CPU.Build.0 = Debug|Any CPU
		{6F0376E5-299D-4BAA-AF67-F6F9151963EB}.Release|Any CPU.ActiveCfg = Release|Any CPU
		{6F0376E5-299D-4BAA-AF67-F6F9151963EB}.Release|Any CPU.Build.0 = Release|Any CPU
		{1721B65F-63FC-48E6-9EC1-BD9EEB66354C}.Debug|Any CPU.ActiveCfg = Debug|Any CPU
		{1721B65F-63FC-48E6-9EC1-BD9EEB66354C}.Debug|Any CPU.Build.0 = Debug|Any CPU
		{1721B65F-63FC-48E6-9EC1-BD9EEB66354C}.Release|Any CPU.ActiveCfg = Release|Any CPU
		{1721B65F-63FC-48E6-9EC1-BD9EEB66354C}.Release|Any CPU.Build.0 = Release|Any CPU
		{9305B21B-4A5C-4824-8402-90C139789FF0}.Debug|Any CPU.ActiveCfg = Debug|Any CPU
		{9305B21B-4A5C-4824-8402-90C139789FF0}.Debug|Any CPU.Build.0 = Debug|Any CPU
		{9305B21B-4A5C-4824-8402-90C139789FF0}.Release|Any CPU.ActiveCfg = Release|Any CPU
		{9305B21B-4A5C-4824-8402-90C139789FF0}.Release|Any CPU.Build.0 = Release|Any CPU
		{91DF7279-452F-4F42-A7ED-64E0F295B80D}.Debug|Any CPU.ActiveCfg = Debug|Any CPU
		{91DF7279-452F-4F42-A7ED-64E0F295B80D}.Debug|Any CPU.Build.0 = Debug|Any CPU
		{91DF7279-452F-4F42-A7ED-64E0F295B80D}.Release|Any CPU.ActiveCfg = Release|Any CPU
		{91DF7279-452F-4F42-A7ED-64E0F295B80D}.Release|Any CPU.Build.0 = Release|Any CPU
		{F79588E5-4A52-4573-82CF-EF6405FDAF82}.Debug|Any CPU.ActiveCfg = Debug|Any CPU
		{F79588E5-4A52-4573-82CF-EF6405FDAF82}.Debug|Any CPU.Build.0 = Debug|Any CPU
		{F79588E5-4A52-4573-82CF-EF6405FDAF82}.Release|Any CPU.ActiveCfg = Release|Any CPU
		{F79588E5-4A52-4573-82CF-EF6405FDAF82}.Release|Any CPU.Build.0 = Release|Any CPU
		{F3DC2A82-7CF3-4F8E-A873-1C82D3451504}.Debug|Any CPU.ActiveCfg = Debug|Any CPU
		{F3DC2A82-7CF3-4F8E-A873-1C82D3451504}.Debug|Any CPU.Build.0 = Debug|Any CPU
		{F3DC2A82-7CF3-4F8E-A873-1C82D3451504}.Release|Any CPU.ActiveCfg = Release|Any CPU
		{F3DC2A82-7CF3-4F8E-A873-1C82D3451504}.Release|Any CPU.Build.0 = Release|Any CPU
		{C6879EBB-ED29-4C7E-B03A-D12F31EAF39A}.Debug|Any CPU.ActiveCfg = Debug|Any CPU
		{C6879EBB-ED29-4C7E-B03A-D12F31EAF39A}.Debug|Any CPU.Build.0 = Debug|Any CPU
		{C6879EBB-ED29-4C7E-B03A-D12F31EAF39A}.Release|Any CPU.ActiveCfg = Release|Any CPU
		{C6879EBB-ED29-4C7E-B03A-D12F31EAF39A}.Release|Any CPU.Build.0 = Release|Any CPU
		{CFA44A01-E297-49F4-9129-F4F5943E4F09}.Debug|Any CPU.ActiveCfg = Debug|Any CPU
		{CFA44A01-E297-49F4-9129-F4F5943E4F09}.Debug|Any CPU.Build.0 = Debug|Any CPU
		{CFA44A01-E297-49F4-9129-F4F5943E4F09}.Release|Any CPU.ActiveCfg = Release|Any CPU
		{CFA44A01-E297-49F4-9129-F4F5943E4F09}.Release|Any CPU.Build.0 = Release|Any CPU
		{383D3ACB-E051-4149-997F-79652044B5C8}.Debug|Any CPU.ActiveCfg = Debug|Any CPU
		{383D3ACB-E051-4149-997F-79652044B5C8}.Debug|Any CPU.Build.0 = Debug|Any CPU
		{383D3ACB-E051-4149-997F-79652044B5C8}.Release|Any CPU.ActiveCfg = Release|Any CPU
		{383D3ACB-E051-4149-997F-79652044B5C8}.Release|Any CPU.Build.0 = Release|Any CPU
	EndGlobalSection
	GlobalSection(SolutionProperties) = preSolution
		HideSolutionNode = FALSE
	EndGlobalSection
	GlobalSection(NestedProjects) = preSolution
		{83288B65-B3F5-4CA0-9785-BEE9C0643A5A} = {33701233-A4AF-47CC-B43A-77109F626BD5}
		{1FFBBA0D-7D96-4FEA-900B-95902B3C15E0} = {33701233-A4AF-47CC-B43A-77109F626BD5}
		{004A1F7D-B78C-4625-9700-CE72B5EDB912} = {33701233-A4AF-47CC-B43A-77109F626BD5}
		{CEF011CD-A59E-4C89-9B5F-BA143F02A52B} = {C97F3BEA-2C9A-43A8-83C5-F3F37E8D0257}
		{BE05D6CF-4FA2-4C11-B565-1A49A3E387C5} = {C97F3BEA-2C9A-43A8-83C5-F3F37E8D0257}
		{2C3F3EEB-E41F-4626-8BAF-D7DB8F2A40D2} = {C97F3BEA-2C9A-43A8-83C5-F3F37E8D0257}
		{294E3234-0192-4A4A-AC7C-CF1A5B77C389} = {C97F3BEA-2C9A-43A8-83C5-F3F37E8D0257}
		{FD51191D-3B6F-475D-916E-9406891479BF} = {C97F3BEA-2C9A-43A8-83C5-F3F37E8D0257}
		{6F0376E5-299D-4BAA-AF67-F6F9151963EB} = {28B5E66A-76C8-40C4-B275-B22BA914920D}
		{1721B65F-63FC-48E6-9EC1-BD9EEB66354C} = {28B5E66A-76C8-40C4-B275-B22BA914920D}
		{9305B21B-4A5C-4824-8402-90C139789FF0} = {28B5E66A-76C8-40C4-B275-B22BA914920D}
		{91DF7279-452F-4F42-A7ED-64E0F295B80D} = {28B5E66A-76C8-40C4-B275-B22BA914920D}
		{F79588E5-4A52-4573-82CF-EF6405FDAF82} = {28B5E66A-76C8-40C4-B275-B22BA914920D}
		{F3DC2A82-7CF3-4F8E-A873-1C82D3451504} = {28B5E66A-76C8-40C4-B275-B22BA914920D}
		{C6879EBB-ED29-4C7E-B03A-D12F31EAF39A} = {28B5E66A-76C8-40C4-B275-B22BA914920D}
		{CFA44A01-E297-49F4-9129-F4F5943E4F09} = {28B5E66A-76C8-40C4-B275-B22BA914920D}
		{383D3ACB-E051-4149-997F-79652044B5C8} = {28B5E66A-76C8-40C4-B275-B22BA914920D}
	EndGlobalSection
	GlobalSection(ExtensibilityGlobals) = postSolution
		SolutionGuid = {93E7526D-C3C4-46F3-AC57-48CF8690A251}
	EndGlobalSection
EndGlobal
